
Microsoft Visual Studio Solution File, Format Version 12.00
# Visual Studio 15
Project("{FAE04EC0-301F-11D3-BF4B-00C04F79EFBC}") = "Assembly-CSharp", "Assembly-CSharp.csproj", "{799FBA1D-FEFB-26EB-31A6-8CB545A41176}"
EndProject
Project("{FAE04EC0-301F-11D3-BF4B-00C04F79EFBC}") = "Assembly-CSharp-Editor", "Assembly-CSharp-Editor.csproj", "{AE5BA443-1615-D1EC-B80F-4F22D4AFF90C}"
EndProject
Global
	GlobalSection(SolutionConfigurationPlatforms) = preSolution
		Debug|Any CPU = Debug|Any CPU
		Release|Any CPU = Release|Any CPU
	EndGlobalSection
	GlobalSection(ProjectConfigurationPlatforms) = postSolution
		{799FBA1D-FEFB-26EB-31A6-8CB545A41176}.Debug|Any CPU.ActiveCfg = Debug|Any CPU
		{799FBA1D-FEFB-26EB-31A6-8CB545A41176}.Debug|Any CPU.Build.0 = Debug|Any CPU
		{799FBA1D-FEFB-26EB-31A6-8CB545A41176}.Release|Any CPU.ActiveCfg = Release|Any CPU
		{799FBA1D-FEFB-26EB-31A6-8CB545A41176}.Release|Any CPU.Build.0 = Release|Any CPU
		{AE5BA443-1615-D1EC-B80F-4F22D4AFF90C}.Debug|Any CPU.ActiveCfg = Debug|Any CPU
		{AE5BA443-1615-D1EC-B80F-4F22D4AFF90C}.Debug|Any CPU.Build.0 = Debug|Any CPU
		{AE5BA443-1615-D1EC-B80F-4F22D4AFF90C}.Release|Any CPU.ActiveCfg = Release|Any CPU
		{AE5BA443-1615-D1EC-B80F-4F22D4AFF90C}.Release|Any CPU.Build.0 = Release|Any CPU
	EndGlobalSection
	GlobalSection(SolutionProperties) = preSolution
		HideSolutionNode = FALSE
	EndGlobalSection
EndGlobal
